
Microsoft Visual Studio Solution File, Format Version 12.00
# Visual Studio Version 16
VisualStudioVersion = 16.0.31624.102
MinimumVisualStudioVersion = 10.0.40219.1
Project("{9A19103F-16F7-4668-BE54-9A1E7A4F7556}") = "RecruiterPathway", "RecruiterPathway.csproj", "{D4F9DFAB-2E65-4F03-9C23-7826EE2E0F87}"
EndProject
Project("{FAE04EC0-301F-11D3-BF4B-00C04F79EFBC}") = "RecruiterPathway.Tests", "..\RecruiterPathway.Tests\RecruiterPathway.Tests.csproj", "{AE8CE67E-7F59-4F11-A8C7-221E1E77ADCB}"
EndProject
Global
	GlobalSection(SolutionConfigurationPlatforms) = preSolution
		Debug|Any CPU = Debug|Any CPU
		Release|Any CPU = Release|Any CPU
	EndGlobalSection
	GlobalSection(ProjectConfigurationPlatforms) = postSolution
		{D4F9DFAB-2E65-4F03-9C23-7826EE2E0F87}.Debug|Any CPU.ActiveCfg = Debug|Any CPU
		{D4F9DFAB-2E65-4F03-9C23-7826EE2E0F87}.Debug|Any CPU.Build.0 = Debug|Any CPU
		{D4F9DFAB-2E65-4F03-9C23-7826EE2E0F87}.Release|Any CPU.ActiveCfg = Release|Any CPU
		{D4F9DFAB-2E65-4F03-9C23-7826EE2E0F87}.Release|Any CPU.Build.0 = Release|Any CPU
		{AE8CE67E-7F59-4F11-A8C7-221E1E77ADCB}.Debug|Any CPU.ActiveCfg = Debug|Any CPU
		{AE8CE67E-7F59-4F11-A8C7-221E1E77ADCB}.Debug|Any CPU.Build.0 = Debug|Any CPU
		{AE8CE67E-7F59-4F11-A8C7-221E1E77ADCB}.Release|Any CPU.ActiveCfg = Release|Any CPU
		{AE8CE67E-7F59-4F11-A8C7-221E1E77ADCB}.Release|Any CPU.Build.0 = Release|Any CPU
	EndGlobalSection
	GlobalSection(SolutionProperties) = preSolution
		HideSolutionNode = FALSE
	EndGlobalSection
	GlobalSection(ExtensibilityGlobals) = postSolution
		SolutionGuid = {68807E91-50A0-4D81-9590-66E8DD6BB454}
	EndGlobalSection
EndGlobal
